// !$*UTF8*$!
{
	archiveVersion = 1;
	classes = {
	};
	objectVersion = 48;
	objects = {

/* Begin PBXBuildFile section */
		2FA5CD5220898B5F00AC52DC /* AppDelegate.swift in Sources */ = {isa = PBXBuildFile; fileRef = 2FA5CD5120898B5F00AC52DC /* AppDelegate.swift */; };
		2FA5CD5420898B5F00AC52DC /* ViewController.swift in Sources */ = {isa = PBXBuildFile; fileRef = 2FA5CD5320898B5F00AC52DC /* ViewController.swift */; };
		2FA5CD5720898B5F00AC52DC /* Main.storyboard in Resources */ = {isa = PBXBuildFile; fileRef = 2FA5CD5520898B5F00AC52DC /* Main.storyboard */; };
		2FA5CD5920898B5F00AC52DC /* Assets.xcassets in Resources */ = {isa = PBXBuildFile; fileRef = 2FA5CD5820898B5F00AC52DC /* Assets.xcassets */; };
		2FA5CD5C20898B5F00AC52DC /* LaunchScreen.storyboard in Resources */ = {isa = PBXBuildFile; fileRef = 2FA5CD5A20898B5F00AC52DC /* LaunchScreen.storyboard */; };
		37939B8F2F2D59B340E1ECE4 /* Pods_path.framework in Frameworks */ = {isa = PBXBuildFile; fileRef = 11B566E450EB83981BB14522 /* Pods_path.framework */; };
		524E975A20CAA62500F23EFF /* back_to_map.swift in Sources */ = {isa = PBXBuildFile; fileRef = 524E975920CAA62500F23EFF /* back_to_map.swift */; };
		52556C7320C60D7900A7A375 /* Annotation_struct.swift in Sources */ = {isa = PBXBuildFile; fileRef = 52556C7220C60D7900A7A375 /* Annotation_struct.swift */; };
		52A5D08920C83A1D006B1CD0 /* Login.swift in Sources */ = {isa = PBXBuildFile; fileRef = 52A5D08820C83A1D006B1CD0 /* Login.swift */; };
/* End PBXBuildFile section */

/* Begin PBXFileReference section */
		11B566E450EB83981BB14522 /* Pods_path.framework */ = {isa = PBXFileReference; explicitFileType = wrapper.framework; includeInIndex = 0; path = Pods_path.framework; sourceTree = BUILT_PRODUCTS_DIR; };
		2FA5CD5120898B5F00AC52DC /* AppDelegate.swift */ = {isa = PBXFileReference; lastKnownFileType = sourcecode.swift; path = AppDelegate.swift; sourceTree = "<group>"; };
		2FA5CD5320898B5F00AC52DC /* ViewController.swift */ = {isa = PBXFileReference; lastKnownFileType = sourcecode.swift; path = ViewController.swift; sourceTree = "<group>"; };
		2FA5CD5620898B5F00AC52DC /* Base */ = {isa = PBXFileReference; lastKnownFileType = file.storyboard; name = Base; path = Base.lproj/Main.storyboard; sourceTree = "<group>"; };
		2FA5CD5820898B5F00AC52DC /* Assets.xcassets */ = {isa = PBXFileReference; lastKnownFileType = folder.assetcatalog; path = Assets.xcassets; sourceTree = "<group>"; };
		2FA5CD5B20898B5F00AC52DC /* Base */ = {isa = PBXFileReference; lastKnownFileType = file.storyboard; name = Base; path = Base.lproj/LaunchScreen.storyboard; sourceTree = "<group>"; };
		2FA5CD5D20898B5F00AC52DC /* Info.plist */ = {isa = PBXFileReference; lastKnownFileType = text.plist.xml; path = Info.plist; sourceTree = "<group>"; };
		450D5F2459A7C66CECB8E5A4 /* Pods-path.release.xcconfig */ = {isa = PBXFileReference; includeInIndex = 1; lastKnownFileType = text.xcconfig; name = "Pods-path.release.xcconfig"; path = "Pods/Target Support Files/Pods-path/Pods-path.release.xcconfig"; sourceTree = "<group>"; };
		524E975920CAA62500F23EFF /* back_to_map.swift */ = {isa = PBXFileReference; lastKnownFileType = sourcecode.swift; path = back_to_map.swift; sourceTree = "<group>"; };
		52556C7220C60D7900A7A375 /* Annotation_struct.swift */ = {isa = PBXFileReference; lastKnownFileType = sourcecode.swift; path = Annotation_struct.swift; sourceTree = "<group>"; };
		52A5D06E20C829B1006B1CD0 /* path.app */ = {isa = PBXFileReference; explicitFileType = wrapper.application; includeInIndex = 0; path = path.app; sourceTree = BUILT_PRODUCTS_DIR; };
		52A5D08820C83A1D006B1CD0 /* Login.swift */ = {isa = PBXFileReference; lastKnownFileType = sourcecode.swift; path = Login.swift; sourceTree = "<group>"; };
		7041895C884E93FCBCFFEAE6 /* Pods-path.debug.xcconfig */ = {isa = PBXFileReference; includeInIndex = 1; lastKnownFileType = text.xcconfig; name = "Pods-path.debug.xcconfig"; path = "Pods/Target Support Files/Pods-path/Pods-path.debug.xcconfig"; sourceTree = "<group>"; };
/* End PBXFileReference section */

/* Begin PBXFrameworksBuildPhase section */
		2FA5CD4B20898B5F00AC52DC /* Frameworks */ = {
			isa = PBXFrameworksBuildPhase;
			buildActionMask = 2147483647;
			files = (
				37939B8F2F2D59B340E1ECE4 /* Pods_path.framework in Frameworks */,
			);
			runOnlyForDeploymentPostprocessing = 0;
		};
/* End PBXFrameworksBuildPhase section */

/* Begin PBXGroup section */
		2FA5CD4520898B5E00AC52DC = {
			isa = PBXGroup;
			children = (
				2FA5CD5020898B5F00AC52DC /* path */,
				529D0F5B20BC299F00B66872 /* Frameworks */,
				AF88A4C6174B2B71AD64A91C /* Pods */,
				52A5D06E20C829B1006B1CD0 /* path.app */,
			);
			sourceTree = "<group>";
		};
		2FA5CD5020898B5F00AC52DC /* path */ = {
			isa = PBXGroup;
			children = (
				524E975920CAA62500F23EFF /* back_to_map.swift */,
				2FA5CD5120898B5F00AC52DC /* AppDelegate.swift */,
				2FA5CD5320898B5F00AC52DC /* ViewController.swift */,
				52556C7220C60D7900A7A375 /* Annotation_struct.swift */,
				2FA5CD5520898B5F00AC52DC /* Main.storyboard */,
				2FA5CD5820898B5F00AC52DC /* Assets.xcassets */,
				2FA5CD5A20898B5F00AC52DC /* LaunchScreen.storyboard */,
				2FA5CD5D20898B5F00AC52DC /* Info.plist */,
				52A5D08820C83A1D006B1CD0 /* Login.swift */,
			);
			path = path;
			sourceTree = "<group>";
		};
		529D0F5B20BC299F00B66872 /* Frameworks */ = {
			isa = PBXGroup;
			children = (
				11B566E450EB83981BB14522 /* Pods_path.framework */,
			);
			name = Frameworks;
			sourceTree = "<group>";
		};
		AF88A4C6174B2B71AD64A91C /* Pods */ = {
			isa = PBXGroup;
			children = (
				7041895C884E93FCBCFFEAE6 /* Pods-path.debug.xcconfig */,
				450D5F2459A7C66CECB8E5A4 /* Pods-path.release.xcconfig */,
			);
			name = Pods;
			sourceTree = "<group>";
		};
/* End PBXGroup section */

/* Begin PBXNativeTarget section */
		2FA5CD4D20898B5F00AC52DC /* path */ = {
			isa = PBXNativeTarget;
			buildConfigurationList = 2FA5CD7620898B5F00AC52DC /* Build configuration list for PBXNativeTarget "path" */;
			buildPhases = (
				A09FA01E4E012BCF03B97AD9 /* [CP] Check Pods Manifest.lock */,
				2FA5CD4A20898B5F00AC52DC /* Sources */,
				2FA5CD4B20898B5F00AC52DC /* Frameworks */,
				2FA5CD4C20898B5F00AC52DC /* Resources */,
				8D86322AFD65FAE4628E5FC1 /* [CP] Embed Pods Frameworks */,
			);
			buildRules = (
			);
			dependencies = (
			);
			name = path;
			productName = path;
			productReference = 52A5D06E20C829B1006B1CD0 /* path.app */;
			productType = "com.apple.product-type.application";
		};
/* End PBXNativeTarget section */

/* Begin PBXProject section */
		2FA5CD4620898B5E00AC52DC /* Project object */ = {
			isa = PBXProject;
			attributes = {
				LastSwiftUpdateCheck = 0920;
				LastUpgradeCheck = 0930;
				ORGANIZATIONNAME = zbq;
				TargetAttributes = {
					2FA5CD4D20898B5F00AC52DC = {
						CreatedOnToolsVersion = 9.2;
						ProvisioningStyle = Automatic;
						SystemCapabilities = {
							com.apple.Maps.iOS = {
								enabled = 0;
							};
							com.apple.Multipath = {
								enabled = 1;
							};
						};
					};
				};
			};
			buildConfigurationList = 2FA5CD4920898B5E00AC52DC /* Build configuration list for PBXProject "path" */;
			compatibilityVersion = "Xcode 8.0";
			developmentRegion = en;
			hasScannedForEncodings = 0;
			knownRegions = (
				en,
				Base,
			);
			mainGroup = 2FA5CD4520898B5E00AC52DC;
			productRefGroup = 2FA5CD4520898B5E00AC52DC;
			projectDirPath = "";
			projectRoot = "";
			targets = (
				2FA5CD4D20898B5F00AC52DC /* path */,
			);
		};
/* End PBXProject section */

/* Begin PBXResourcesBuildPhase section */
		2FA5CD4C20898B5F00AC52DC /* Resources */ = {
			isa = PBXResourcesBuildPhase;
			buildActionMask = 2147483647;
			files = (
				2FA5CD5C20898B5F00AC52DC /* LaunchScreen.storyboard in Resources */,
				2FA5CD5920898B5F00AC52DC /* Assets.xcassets in Resources */,
				2FA5CD5720898B5F00AC52DC /* Main.storyboard in Resources */,
			);
			runOnlyForDeploymentPostprocessing = 0;
		};
/* End PBXResourcesBuildPhase section */

/* Begin PBXShellScriptBuildPhase section */
		8D86322AFD65FAE4628E5FC1 /* [CP] Embed Pods Frameworks */ = {
			isa = PBXShellScriptBuildPhase;
			buildActionMask = 2147483647;
			files = (
			);
			inputPaths = (
				"${SRCROOT}/Pods/Target Support Files/Pods-path/Pods-path-frameworks.sh",
				"${BUILT_PRODUCTS_DIR}/Alamofire/Alamofire.framework",
				"${BUILT_PRODUCTS_DIR}/LeanCloud/LeanCloud.framework",
			);
			name = "[CP] Embed Pods Frameworks";
			outputPaths = (
				"${TARGET_BUILD_DIR}/${FRAMEWORKS_FOLDER_PATH}/Alamofire.framework",
				"${TARGET_BUILD_DIR}/${FRAMEWORKS_FOLDER_PATH}/LeanCloud.framework",
			);
			runOnlyForDeploymentPostprocessing = 0;
			shellPath = /bin/sh;
			shellScript = "\"${SRCROOT}/Pods/Target Support Files/Pods-path/Pods-path-frameworks.sh\"\n";
			showEnvVarsInLog = 0;
		};
		A09FA01E4E012BCF03B97AD9 /* [CP] Check Pods Manifest.lock */ = {
			isa = PBXShellScriptBuildPhase;
			buildActionMask = 2147483647;
			files = (
			);
			inputPaths = (
				"${PODS_PODFILE_DIR_PATH}/Podfile.lock",
				"${PODS_ROOT}/Manifest.lock",
			);
			name = "[CP] Check Pods Manifest.lock";
			outputPaths = (
				"$(DERIVED_FILE_DIR)/Pods-path-checkManifestLockResult.txt",
			);
			runOnlyForDeploymentPostprocessing = 0;
			shellPath = /bin/sh;
			shellScript = "diff \"${PODS_PODFILE_DIR_PATH}/Podfile.lock\" \"${PODS_ROOT}/Manifest.lock\" > /dev/null\nif [ $? != 0 ] ; then\n    # print error to STDERR\n    echo \"error: The sandbox is not in sync with the Podfile.lock. Run 'pod install' or update your CocoaPods installation.\" >&2\n    exit 1\nfi\n# This output is used by Xcode 'outputs' to avoid re-running this script phase.\necho \"SUCCESS\" > \"${SCRIPT_OUTPUT_FILE_0}\"\n";
			showEnvVarsInLog = 0;
		};
/* End PBXShellScriptBuildPhase section */

/* Begin PBXSourcesBuildPhase section */
		2FA5CD4A20898B5F00AC52DC /* Sources */ = {
			isa = PBXSourcesBuildPhase;
			buildActionMask = 2147483647;
			files = (
				52A5D08920C83A1D006B1CD0 /* Login.swift in Sources */,
				52556C7320C60D7900A7A375 /* Annotation_struct.swift in Sources */,
				2FA5CD5420898B5F00AC52DC /* ViewController.swift in Sources */,
				2FA5CD5220898B5F00AC52DC /* AppDelegate.swift in Sources */,
				524E975A20CAA62500F23EFF /* back_to_map.swift in Sources */,
			);
			runOnlyForDeploymentPostprocessing = 0;
		};
/* End PBXSourcesBuildPhase section */

/* Begin PBXVariantGroup section */
		2FA5CD5520898B5F00AC52DC /* Main.storyboard */ = {
			isa = PBXVariantGroup;
			children = (
				2FA5CD5620898B5F00AC52DC /* Base */,
			);
			name = Main.storyboard;
			sourceTree = "<group>";
		};
		2FA5CD5A20898B5F00AC52DC /* LaunchScreen.storyboard */ = {
			isa = PBXVariantGroup;
			children = (
				2FA5CD5B20898B5F00AC52DC /* Base */,
			);
			name = LaunchScreen.storyboard;
			sourceTree = "<group>";
		};
/* End PBXVariantGroup section */

/* Begin XCBuildConfiguration section */
		2FA5CD7420898B5F00AC52DC /* Debug */ = {
			isa = XCBuildConfiguration;
			buildSettings = {
				ALWAYS_SEARCH_USER_PATHS = NO;
				CLANG_ANALYZER_NONNULL = YES;
				CLANG_ANALYZER_NUMBER_OBJECT_CONVERSION = YES_AGGRESSIVE;
				CLANG_CXX_LANGUAGE_STANDARD = "gnu++14";
				CLANG_CXX_LIBRARY = "libc++";
				CLANG_ENABLE_MODULES = YES;
				CLANG_ENABLE_OBJC_ARC = YES;
				CLANG_WARN_BLOCK_CAPTURE_AUTORELEASING = YES;
				CLANG_WARN_BOOL_CONVERSION = YES;
				CLANG_WARN_COMMA = YES;
				CLANG_WARN_CONSTANT_CONVERSION = YES;
				CLANG_WARN_DEPRECATED_OBJC_IMPLEMENTATIONS = YES;
				CLANG_WARN_DIRECT_OBJC_ISA_USAGE = YES_ERROR;
				CLANG_WARN_DOCUMENTATION_COMMENTS = YES;
				CLANG_WARN_EMPTY_BODY = YES;
				CLANG_WARN_ENUM_CONVERSION = YES;
				CLANG_WARN_INFINITE_RECURSION = YES;
				CLANG_WARN_INT_CONVERSION = YES;
				CLANG_WARN_NON_LITERAL_NULL_CONVERSION = YES;
				CLANG_WARN_OBJC_IMPLICIT_RETAIN_SELF = YES;
				CLANG_WARN_OBJC_LITERAL_CONVERSION = YES;
				CLANG_WARN_OBJC_ROOT_CLASS = YES_ERROR;
				CLANG_WARN_RANGE_LOOP_ANALYSIS = YES;
				CLANG_WARN_STRICT_PROTOTYPES = YES;
				CLANG_WARN_SUSPICIOUS_MOVE = YES;
				CLANG_WARN_UNGUARDED_AVAILABILITY = YES_AGGRESSIVE;
				CLANG_WARN_UNREACHABLE_CODE = YES;
				CLANG_WARN__DUPLICATE_METHOD_MATCH = YES;
				CODE_SIGN_IDENTITY = "iPhone Developer";
				COPY_PHASE_STRIP = NO;
				DEBUG_INFORMATION_FORMAT = dwarf;
				ENABLE_STRICT_OBJC_MSGSEND = YES;
				ENABLE_TESTABILITY = YES;
				GCC_C_LANGUAGE_STANDARD = gnu11;
				GCC_DYNAMIC_NO_PIC = NO;
				GCC_NO_COMMON_BLOCKS = YES;
				GCC_OPTIMIZATION_LEVEL = 0;
				GCC_PREPROCESSOR_DEFINITIONS = (
					"DEBUG=1",
					"$(inherited)",
				);
				GCC_WARN_64_TO_32_BIT_CONVERSION = YES;
				GCC_WARN_ABOUT_RETURN_TYPE = YES_ERROR;
				GCC_WARN_UNDECLARED_SELECTOR = YES;
				GCC_WARN_UNINITIALIZED_AUTOS = YES_AGGRESSIVE;
				GCC_WARN_UNUSED_FUNCTION = YES;
				GCC_WARN_UNUSED_VARIABLE = YES;
				IPHONEOS_DEPLOYMENT_TARGET = 11.4;
				MTL_ENABLE_DEBUG_INFO = YES;
				NEW_SETTING = "";
				ONLY_ACTIVE_ARCH = YES;
				SDKROOT = iphoneos;
				SWIFT_ACTIVE_COMPILATION_CONDITIONS = DEBUG;
				SWIFT_OPTIMIZATION_LEVEL = "-Onone";
			};
			name = Debug;
		};
		2FA5CD7520898B5F00AC52DC /* Release */ = {
			isa = XCBuildConfiguration;
			buildSettings = {
				ALWAYS_SEARCH_USER_PATHS = NO;
				CLANG_ANALYZER_NONNULL = YES;
				CLANG_ANALYZER_NUMBER_OBJECT_CONVERSION = YES_AGGRESSIVE;
				CLANG_CXX_LANGUAGE_STANDARD = "gnu++14";
				CLANG_CXX_LIBRARY = "libc++";
				CLANG_ENABLE_MODULES = YES;
				CLANG_ENABLE_OBJC_ARC = YES;
				CLANG_WARN_BLOCK_CAPTURE_AUTORELEASING = YES;
				CLANG_WARN_BOOL_CONVERSION = YES;
				CLANG_WARN_COMMA = YES;
				CLANG_WARN_CONSTANT_CONVERSION = YES;
				CLANG_WARN_DEPRECATED_OBJC_IMPLEMENTATIONS = YES;
				CLANG_WARN_DIRECT_OBJC_ISA_USAGE = YES_ERROR;
				CLANG_WARN_DOCUMENTATION_COMMENTS = YES;
				CLANG_WARN_EMPTY_BODY = YES;
				CLANG_WARN_ENUM_CONVERSION = YES;
				CLANG_WARN_INFINITE_RECURSION = YES;
				CLANG_WARN_INT_CONVERSION = YES;
				CLANG_WARN_NON_LITERAL_NULL_CONVERSION = YES;
				CLANG_WARN_OBJC_IMPLICIT_RETAIN_SELF = YES;
				CLANG_WARN_OBJC_LITERAL_CONVERSION = YES;
				CLANG_WARN_OBJC_ROOT_CLASS = YES_ERROR;
				CLANG_WARN_RANGE_LOOP_ANALYSIS = YES;
				CLANG_WARN_STRICT_PROTOTYPES = YES;
				CLANG_WARN_SUSPICIOUS_MOVE = YES;
				CLANG_WARN_UNGUARDED_AVAILABILITY = YES_AGGRESSIVE;
				CLANG_WARN_UNREACHABLE_CODE = YES;
				CLANG_WARN__DUPLICATE_METHOD_MATCH = YES;
				CODE_SIGN_IDENTITY = "iPhone Developer";
				COPY_PHASE_STRIP = NO;
				DEBUG_INFORMATION_FORMAT = "dwarf-with-dsym";
				ENABLE_NS_ASSERTIONS = NO;
				ENABLE_STRICT_OBJC_MSGSEND = YES;
				GCC_C_LANGUAGE_STANDARD = gnu11;
				GCC_NO_COMMON_BLOCKS = YES;
				GCC_WARN_64_TO_32_BIT_CONVERSION = YES;
				GCC_WARN_ABOUT_RETURN_TYPE = YES_ERROR;
				GCC_WARN_UNDECLARED_SELECTOR = YES;
				GCC_WARN_UNINITIALIZED_AUTOS = YES_AGGRESSIVE;
				GCC_WARN_UNUSED_FUNCTION = YES;
				GCC_WARN_UNUSED_VARIABLE = YES;
				IPHONEOS_DEPLOYMENT_TARGET = 11.4;
				MTL_ENABLE_DEBUG_INFO = NO;
				NEW_SETTING = "";
				SDKROOT = iphoneos;
				SWIFT_OPTIMIZATION_LEVEL = "-Owholemodule";
				VALIDATE_PRODUCT = YES;
			};
			name = Release;
		};
		2FA5CD7720898B5F00AC52DC /* Debug */ = {
			isa = XCBuildConfiguration;
			baseConfigurationReference = 7041895C884E93FCBCFFEAE6 /* Pods-path.debug.xcconfig */;
			buildSettings = {
				ASSETCATALOG_COMPILER_APPICON_NAME = AppIcon;
				CODE_SIGN_ENTITLEMENTS = path/path.entitlements;
				CODE_SIGN_IDENTITY = "iPhone Developer";
				CODE_SIGN_STYLE = Automatic;
				DEVELOPMENT_TEAM = 8ZW588H223;
				INFOPLIST_FILE = path/Info.plist;
				IPHONEOS_DEPLOYMENT_TARGET = 11.4;
				LD_RUNPATH_SEARCH_PATHS = "$(inherited) @executable_path/Frameworks";
				PRODUCT_BUNDLE_IDENTIFIER = cn.tongji.edu.PATH;
				PRODUCT_NAME = "$(TARGET_NAME)";
				PROVISIONING_PROFILE_SPECIFIER = "";
				SWIFT_VERSION = 4.0;
				TARGETED_DEVICE_FAMILY = "1,2";
			};
			name = Debug;
		};
		2FA5CD7820898B5F00AC52DC /* Release */ = {
			isa = XCBuildConfiguration;
			baseConfigurationReference = 450D5F2459A7C66CECB8E5A4 /* Pods-path.release.xcconfig */;
			buildSettings = {
				ASSETCATALOG_COMPILER_APPICON_NAME = AppIcon;
				CODE_SIGN_ENTITLEMENTS = path/path.entitlements;
				CODE_SIGN_IDENTITY = "iPhone Developer";
				CODE_SIGN_STYLE = Automatic;
				DEVELOPMENT_TEAM = 8ZW588H223;
				INFOPLIST_FILE = path/Info.plist;
				IPHONEOS_DEPLOYMENT_TARGET = 11.4;
				LD_RUNPATH_SEARCH_PATHS = "$(inherited) @executable_path/Frameworks";
				PRODUCT_BUNDLE_IDENTIFIER = cn.tongji.edu.PATH;
				PRODUCT_NAME = "$(TARGET_NAME)";
				PROVISIONING_PROFILE_SPECIFIER = "";
				SWIFT_VERSION = 4.0;
				TARGETED_DEVICE_FAMILY = "1,2";
			};
			name = Release;
		};
/* End XCBuildConfiguration section */

/* Begin XCConfigurationList section */
		2FA5CD4920898B5E00AC52DC /* Build configuration list for PBXProject "path" */ = {
			isa = XCConfigurationList;
			buildConfigurations = (
				2FA5CD7420898B5F00AC52DC /* Debug */,
				2FA5CD7520898B5F00AC52DC /* Release */,
			);
			defaultConfigurationIsVisible = 0;
			defaultConfigurationName = Release;
		};
		2FA5CD7620898B5F00AC52DC /* Build configuration list for PBXNativeTarget "path" */ = {
			isa = XCConfigurationList;
			buildConfigurations = (
				2FA5CD7720898B5F00AC52DC /* Debug */,
				2FA5CD7820898B5F00AC52DC /* Release */,
			);
			defaultConfigurationIsVisible = 0;
			defaultConfigurationName = Release;
		};
/* End XCConfigurationList section */
	};
	rootObject = 2FA5CD4620898B5E00AC52DC /* Project object */;
}
